// !$*UTF8*$!
{
	archiveVersion = 1;
	classes = {
	};
	objectVersion = 46;
	objects = {

/* Begin PBXBuildFile section */
		2D384CBF1D5B383F002438A7 /* AppDelegate.swift in Sources */ = {isa = PBXBuildFile; fileRef = 2D384CBE1D5B383F002438A7 /* AppDelegate.swift */; };
		2D384CC41D5B383F002438A7 /* Main.storyboard in Resources */ = {isa = PBXBuildFile; fileRef = 2D384CC21D5B383F002438A7 /* Main.storyboard */; };
		2D384CC61D5B383F002438A7 /* Assets.xcassets in Resources */ = {isa = PBXBuildFile; fileRef = 2D384CC51D5B383F002438A7 /* Assets.xcassets */; };
		2D384CC91D5B383F002438A7 /* LaunchScreen.storyboard in Resources */ = {isa = PBXBuildFile; fileRef = 2D384CC71D5B383F002438A7 /* LaunchScreen.storyboard */; };
		2D384CD11D5B49A2002438A7 /* LoginViewController.swift in Sources */ = {isa = PBXBuildFile; fileRef = 2D384CD01D5B49A2002438A7 /* LoginViewController.swift */; };
		2D384CD31D5B4A47002438A7 /* ProfileViewController.swift in Sources */ = {isa = PBXBuildFile; fileRef = 2D384CD21D5B4A47002438A7 /* ProfileViewController.swift */; };
		2DB543E11D5C3904007A271C /* loginBg.jpg in Resources */ = {isa = PBXBuildFile; fileRef = 2DB543DE1D5C3904007A271C /* loginBg.jpg */; };
		2DB543E21D5C3904007A271C /* logo.png in Resources */ = {isa = PBXBuildFile; fileRef = 2DB543DF1D5C3904007A271C /* logo.png */; };
		2DB543E31D5C3904007A271C /* signInButton.png in Resources */ = {isa = PBXBuildFile; fileRef = 2DB543E01D5C3904007A271C /* signInButton.png */; };
/* End PBXBuildFile section */

/* Begin PBXFileReference section */
		2D384CBB1D5B383F002438A7 /* whooshpt.app */ = {isa = PBXFileReference; explicitFileType = wrapper.application; includeInIndex = 0; path = whooshpt.app; sourceTree = BUILT_PRODUCTS_DIR; };
		2D384CBE1D5B383F002438A7 /* AppDelegate.swift */ = {isa = PBXFileReference; lastKnownFileType = sourcecode.swift; path = AppDelegate.swift; sourceTree = "<group>"; };
		2D384CC31D5B383F002438A7 /* Base */ = {isa = PBXFileReference; lastKnownFileType = file.storyboard; name = Base; path = Base.lproj/Main.storyboard; sourceTree = "<group>"; };
		2D384CC51D5B383F002438A7 /* Assets.xcassets */ = {isa = PBXFileReference; lastKnownFileType = folder.assetcatalog; path = Assets.xcassets; sourceTree = "<group>"; };
		2D384CC81D5B383F002438A7 /* Base */ = {isa = PBXFileReference; lastKnownFileType = file.storyboard; name = Base; path = Base.lproj/LaunchScreen.storyboard; sourceTree = "<group>"; };
		2D384CCA1D5B383F002438A7 /* Info.plist */ = {isa = PBXFileReference; lastKnownFileType = text.plist.xml; path = Info.plist; sourceTree = "<group>"; };
		2D384CD01D5B49A2002438A7 /* LoginViewController.swift */ = {isa = PBXFileReference; fileEncoding = 4; lastKnownFileType = sourcecode.swift; path = LoginViewController.swift; sourceTree = "<group>"; };
		2D384CD21D5B4A47002438A7 /* ProfileViewController.swift */ = {isa = PBXFileReference; fileEncoding = 4; lastKnownFileType = sourcecode.swift; path = ProfileViewController.swift; sourceTree = "<group>"; };
		2DB543DE1D5C3904007A271C /* loginBg.jpg */ = {isa = PBXFileReference; lastKnownFileType = image.jpeg; path = loginBg.jpg; sourceTree = "<group>"; };
		2DB543DF1D5C3904007A271C /* logo.png */ = {isa = PBXFileReference; lastKnownFileType = image.png; path = logo.png; sourceTree = "<group>"; };
		2DB543E01D5C3904007A271C /* signInButton.png */ = {isa = PBXFileReference; lastKnownFileType = image.png; path = signInButton.png; sourceTree = "<group>"; };
/* End PBXFileReference section */

/* Begin PBXFrameworksBuildPhase section */
		2D384CB81D5B383F002438A7 /* Frameworks */ = {
			isa = PBXFrameworksBuildPhase;
			buildActionMask = 2147483647;
			files = (
			);
			runOnlyForDeploymentPostprocessing = 0;
		};
/* End PBXFrameworksBuildPhase section */

/* Begin PBXGroup section */
		2D384CB21D5B383F002438A7 = {
			isa = PBXGroup;
			children = (
				2D384CBD1D5B383F002438A7 /* whooshpt */,
				2D384CBC1D5B383F002438A7 /* Products */,
			);
			sourceTree = "<group>";
		};
		2D384CBC1D5B383F002438A7 /* Products */ = {
			isa = PBXGroup;
			children = (
				2D384CBB1D5B383F002438A7 /* whooshpt.app */,
			);
			name = Products;
			sourceTree = "<group>";
		};
		2D384CBD1D5B383F002438A7 /* whooshpt */ = {
			isa = PBXGroup;
			children = (
				2D384CBE1D5B383F002438A7 /* AppDelegate.swift */,
				2D384CD21D5B4A47002438A7 /* ProfileViewController.swift */,
				2DB543DD1D5C3904007A271C /* Assets */,
				2D384CD01D5B49A2002438A7 /* LoginViewController.swift */,
				2D384CC21D5B383F002438A7 /* Main.storyboard */,
				2D384CC51D5B383F002438A7 /* Assets.xcassets */,
				2D384CC71D5B383F002438A7 /* LaunchScreen.storyboard */,
				2D384CCA1D5B383F002438A7 /* Info.plist */,
			);
			path = whooshpt;
			sourceTree = "<group>";
		};
		2DB543DD1D5C3904007A271C /* Assets */ = {
			isa = PBXGroup;
			children = (
				2DB543DE1D5C3904007A271C /* loginBg.jpg */,
				2DB543DF1D5C3904007A271C /* logo.png */,
				2DB543E01D5C3904007A271C /* signInButton.png */,
			);
			path = Assets;
			sourceTree = "<group>";
		};
/* End PBXGroup section */

/* Begin PBXNativeTarget section */
		2D384CBA1D5B383F002438A7 /* whooshpt */ = {
			isa = PBXNativeTarget;
			buildConfigurationList = 2D384CCD1D5B383F002438A7 /* Build configuration list for PBXNativeTarget "whooshpt" */;
			buildPhases = (
				2D384CB71D5B383F002438A7 /* Sources */,
				2D384CB81D5B383F002438A7 /* Frameworks */,
				2D384CB91D5B383F002438A7 /* Resources */,
			);
			buildRules = (
			);
			dependencies = (
			);
			name = whooshpt;
			productName = whooshpt;
			productReference = 2D384CBB1D5B383F002438A7 /* whooshpt.app */;
			productType = "com.apple.product-type.application";
		};
/* End PBXNativeTarget section */

/* Begin PBXProject section */
		2D384CB31D5B383F002438A7 /* Project object */ = {
			isa = PBXProject;
			attributes = {
				LastSwiftUpdateCheck = 0730;
				LastUpgradeCheck = 0730;
				ORGANIZATIONNAME = "Ritesh Shah";
				TargetAttributes = {
					2D384CBA1D5B383F002438A7 = {
						CreatedOnToolsVersion = 7.3.1;
					};
				};
			};
			buildConfigurationList = 2D384CB61D5B383F002438A7 /* Build configuration list for PBXProject "whooshpt" */;
			compatibilityVersion = "Xcode 3.2";
			developmentRegion = English;
			hasScannedForEncodings = 0;
			knownRegions = (
				en,
				Base,
			);
			mainGroup = 2D384CB21D5B383F002438A7;
			productRefGroup = 2D384CBC1D5B383F002438A7 /* Products */;
			projectDirPath = "";
			projectRoot = "";
			targets = (
				2D384CBA1D5B383F002438A7 /* whooshpt */,
			);
		};
/* End PBXProject section */

/* Begin PBXResourcesBuildPhase section */
		2D384CB91D5B383F002438A7 /* Resources */ = {
			isa = PBXResourcesBuildPhase;
			buildActionMask = 2147483647;
			files = (
				2DB543E11D5C3904007A271C /* loginBg.jpg in Resources */,
				2DB543E31D5C3904007A271C /* signInButton.png in Resources */,
				2DB543E21D5C3904007A271C /* logo.png in Resources */,
				2D384CC91D5B383F002438A7 /* LaunchScreen.storyboard in Resources */,
				2D384CC61D5B383F002438A7 /* Assets.xcassets in Resources */,
				2D384CC41D5B383F002438A7 /* Main.storyboard in Resources */,
			);
			runOnlyForDeploymentPostprocessing = 0;
		};
/* End PBXResourcesBuildPhase section */

/* Begin PBXSourcesBuildPhase section */
		2D384CB71D5B383F002438A7 /* Sources */ = {
			isa = PBXSourcesBuildPhase;
			buildActionMask = 2147483647;
			files = (
				2D384CD31D5B4A47002438A7 /* ProfileViewController.swift in Sources */,
				2D384CD11D5B49A2002438A7 /* LoginViewController.swift in Sources */,
				2D384CBF1D5B383F002438A7 /* AppDelegate.swift in Sources */,
			);
			runOnlyForDeploymentPostprocessing = 0;
		};
/* End PBXSourcesBuildPhase section */

/* Begin PBXVariantGroup section */
		2D384CC21D5B383F002438A7 /* Main.storyboard */ = {
			isa = PBXVariantGroup;
			children = (
				2D384CC31D5B383F002438A7 /* Base */,
			);
			name = Main.storyboard;
			sourceTree = "<group>";
		};
		2D384CC71D5B383F002438A7 /* LaunchScreen.storyboard */ = {
			isa = PBXVariantGroup;
			children = (
				2D384CC81D5B383F002438A7 /* Base */,
			);
			name = LaunchScreen.storyboard;
			sourceTree = "<group>";
		};
/* End PBXVariantGroup section */

/* Begin XCBuildConfiguration section */
		2D384CCB1D5B383F002438A7 /* Debug */ = {
			isa = XCBuildConfiguration;
			buildSettings = {
				ALWAYS_SEARCH_USER_PATHS = NO;
				CLANG_ANALYZER_NONNULL = YES;
				CLANG_CXX_LANGUAGE_STANDARD = "gnu++0x";
				CLANG_CXX_LIBRARY = "libc++";
				CLANG_ENABLE_MODULES = YES;
				CLANG_ENABLE_OBJC_ARC = YES;
				CLANG_WARN_BOOL_CONVERSION = YES;
				CLANG_WARN_CONSTANT_CONVERSION = YES;
				CLANG_WARN_DIRECT_OBJC_ISA_USAGE = YES_ERROR;
				CLANG_WARN_EMPTY_BODY = YES;
				CLANG_WARN_ENUM_CONVERSION = YES;
				CLANG_WARN_INT_CONVERSION = YES;
				CLANG_WARN_OBJC_ROOT_CLASS = YES_ERROR;
				CLANG_WARN_UNREACHABLE_CODE = YES;
				CLANG_WARN__DUPLICATE_METHOD_MATCH = YES;
				"CODE_SIGN_IDENTITY[sdk=iphoneos*]" = "iPhone Developer";
				COPY_PHASE_STRIP = NO;
				DEBUG_INFORMATION_FORMAT = dwarf;
				ENABLE_STRICT_OBJC_MSGSEND = YES;
				ENABLE_TESTABILITY = YES;
				GCC_C_LANGUAGE_STANDARD = gnu99;
				GCC_DYNAMIC_NO_PIC = NO;
				GCC_NO_COMMON_BLOCKS = YES;
				GCC_OPTIMIZATION_LEVEL = 0;
				GCC_PREPROCESSOR_DEFINITIONS = (
					"DEBUG=1",
					"$(inherited)",
				);
				GCC_WARN_64_TO_32_BIT_CONVERSION = YES;
				GCC_WARN_ABOUT_RETURN_TYPE = YES_ERROR;
				GCC_WARN_UNDECLARED_SELECTOR = YES;
				GCC_WARN_UNINITIALIZED_AUTOS = YES_AGGRESSIVE;
				GCC_WARN_UNUSED_FUNCTION = YES;
				GCC_WARN_UNUSED_VARIABLE = YES;
				IPHONEOS_DEPLOYMENT_TARGET = 9.3;
				MTL_ENABLE_DEBUG_INFO = YES;
				ONLY_ACTIVE_ARCH = YES;
				SDKROOT = iphoneos;
				SWIFT_OPTIMIZATION_LEVEL = "-Onone";
				TARGETED_DEVICE_FAMILY = "1,2";
			};
			name = Debug;
		};
		2D384CCC1D5B383F002438A7 /* Release */ = {
			isa = XCBuildConfiguration;
			buildSettings = {
				ALWAYS_SEARCH_USER_PATHS = NO;
				CLANG_ANALYZER_NONNULL = YES;
				CLANG_CXX_LANGUAGE_STANDARD = "gnu++0x";
				CLANG_CXX_LIBRARY = "libc++";
				CLANG_ENABLE_MODULES = YES;
				CLANG_ENABLE_OBJC_ARC = YES;
				CLANG_WARN_BOOL_CONVERSION = YES;
				CLANG_WARN_CONSTANT_CONVERSION = YES;
				CLANG_WARN_DIRECT_OBJC_ISA_USAGE = YES_ERROR;
				CLANG_WARN_EMPTY_BODY = YES;
				CLANG_WARN_ENUM_CONVERSION = YES;
				CLANG_WARN_INT_CONVERSION = YES;
				CLANG_WARN_OBJC_ROOT_CLASS = YES_ERROR;
				CLANG_WARN_UNREACHABLE_CODE = YES;
				CLANG_WARN__DUPLICATE_METHOD_MATCH = YES;
				"CODE_SIGN_IDENTITY[sdk=iphoneos*]" = "iPhone Developer";
				COPY_PHASE_STRIP = NO;
				DEBUG_INFORMATION_FORMAT = "dwarf-with-dsym";
				ENABLE_NS_ASSERTIONS = NO;
				ENABLE_STRICT_OBJC_MSGSEND = YES;
				GCC_C_LANGUAGE_STANDARD = gnu99;
				GCC_NO_COMMON_BLOCKS = YES;
				GCC_WARN_64_TO_32_BIT_CONVERSION = YES;
				GCC_WARN_ABOUT_RETURN_TYPE = YES_ERROR;
				GCC_WARN_UNDECLARED_SELECTOR = YES;
				GCC_WARN_UNINITIALIZED_AUTOS = YES_AGGRESSIVE;
				GCC_WARN_UNUSED_FUNCTION = YES;
				GCC_WARN_UNUSED_VARIABLE = YES;
				IPHONEOS_DEPLOYMENT_TARGET = 9.3;
				MTL_ENABLE_DEBUG_INFO = NO;
				SDKROOT = iphoneos;
				TARGETED_DEVICE_FAMILY = "1,2";
				VALIDATE_PRODUCT = YES;
			};
			name = Release;
		};
		2D384CCE1D5B383F002438A7 /* Debug */ = {
			isa = XCBuildConfiguration;
			buildSettings = {
				ASSETCATALOG_COMPILER_APPICON_NAME = AppIcon;
				INFOPLIST_FILE = whooshpt/Info.plist;
				LD_RUNPATH_SEARCH_PATHS = "$(inherited) @executable_path/Frameworks";
				PRODUCT_BUNDLE_IDENTIFIER = com.webodesings.whooshpt;
				PRODUCT_NAME = "$(TARGET_NAME)";
			};
			name = Debug;
		};
		2D384CCF1D5B383F002438A7 /* Release */ = {
			isa = XCBuildConfiguration;
			buildSettings = {
				ASSETCATALOG_COMPILER_APPICON_NAME = AppIcon;
				INFOPLIST_FILE = whooshpt/Info.plist;
				LD_RUNPATH_SEARCH_PATHS = "$(inherited) @executable_path/Frameworks";
				PRODUCT_BUNDLE_IDENTIFIER = com.webodesings.whooshpt;
				PRODUCT_NAME = "$(TARGET_NAME)";
			};
			name = Release;
		};
/* End XCBuildConfiguration section */

/* Begin XCConfigurationList section */
		2D384CB61D5B383F002438A7 /* Build configuration list for PBXProject "whooshpt" */ = {
			isa = XCConfigurationList;
			buildConfigurations = (
				2D384CCB1D5B383F002438A7 /* Debug */,
				2D384CCC1D5B383F002438A7 /* Release */,
			);
			defaultConfigurationIsVisible = 0;
			defaultConfigurationName = Release;
		};
		2D384CCD1D5B383F002438A7 /* Build configuration list for PBXNativeTarget "whooshpt" */ = {
			isa = XCConfigurationList;
			buildConfigurations = (
				2D384CCE1D5B383F002438A7 /* Debug */,
				2D384CCF1D5B383F002438A7 /* Release */,
			);
			defaultConfigurationIsVisible = 0;
			defaultConfigurationName = Release;
		};
/* End XCConfigurationList section */
	};
	rootObject = 2D384CB31D5B383F002438A7 /* Project object */;
}
